{
  "name": "activex",
  "version": "1.0.0",
  "lockfileVersion": 3,
  "requires": true,
  "packages": {
    "": {
      "name": "activex",
      "version": "1.0.0",
      "license": "ISC",
      "dependencies": {
        "winax": "^3.6.1"
      }
    },
    "node_modules/winax": {
      "version": "3.6.1",
      "resolved": "https://registry.npmjs.org/winax/-/winax-3.6.1.tgz",
      "integrity": "sha512-3IsUFX2w2RS6erX24TPBH7PIgO3TavPR+7pD9xmSNbDZCPMMBfdB2o2C//4cWmQPJf7icD2jMcBe59LHupmIOg==",
      "hasInstallScript": true,
      "license": "MIT",
      "bin": {
        "nodewscript": "NodeWScript.js"
      },
      "engines": {
        "node": ">= 10.0.0"
      }
    }
  }
}
